{"1.2.0",
[{<<"cowboy">>,{pkg,<<"cowboy">>,<<"2.12.0">>},1},
 {<<"cowlib">>,{pkg,<<"cowlib">>,<<"2.13.0">>},2},
 {<<"em_filter">>,{pkg,<<"em_filter">>,<<"1.2.5">>},0},
 {<<"gun">>,{pkg,<<"gun">>,<<"2.1.0">>},1},
 {<<"kvex">>,{pkg,<<"kvex">>,<<"0.2.1">>},1},
 {<<"ranch">>,{pkg,<<"ranch">>,<<"1.8.0">>},2},
 {<<"sied">>,{pkg,<<"sied">>,<<"0.2.4">>},2}]}.
[
{pkg_hash,[
 {<<"cowboy">>, <<"F276D521A1FF88B2B9B4C54D0E753DA6C66DD7BE6C9FCA3D9418B561828A3731">>},
 {<<"cowlib">>, <<"DB8F7505D8332D98EF50A3EF34B34C1AFDDEC7506E4EE4DD4A3A266285D282CA">>},
 {<<"em_filter">>, <<"A516FBCF2B1A324654100F7D0609CEF7309251ED86134779A7BF66EAC8D7EB03">>},
 {<<"gun">>, <<"B4E4CBBF3026D21981C447E9E7CA856766046EFF693720BA43114D7F5DE36E87">>},
 {<<"kvex">>, <<"115CFC0C5E427AF5064A5EF8F472B45B86A05E0E3A21A2C3B94F39A2FF7FF8B8">>},
 {<<"ranch">>, <<"8C7A100A139FD57F17327B6413E4167AC559FBC04CA7448E9BE9057311597A1D">>},
 {<<"sied">>, <<"BD43264EA9D9CAFF11C336E585DC7AFECCF8AB0DCCAC591348C2D77B00954DFF">>}]},
{pkg_hash_ext,[
 {<<"cowboy">>, <<"8A7ABE6D183372CEB21CAA2709BEC928AB2B72E18A3911AA1771639BEF82651E">>},
 {<<"cowlib">>, <<"E1E1284DC3FC030A64B1AD0D8382AE7E99DA46C3246B815318A4B848873800A4">>},
 {<<"em_filter">>, <<"30BCC668D30FC8B4E901B90ECF8B609F5BA3488CEB3199D3ADE2B5278C3AFAAB">>},
 {<<"gun">>, <<"52FC7FC246BFC3B00E01AEA1C2854C70A366348574AB50C57DFE796D24A0101D">>},
 {<<"kvex">>, <<"AE98AA5F3FA6921B04AC529C627A8553278E57C27E4226DB9A10CEBC8E1F01C3">>},
 {<<"ranch">>, <<"49FBCFD3682FAB1F5D109351B61257676DA1A2FDBE295904176D5E521A2DDFE5">>},
 {<<"sied">>, <<"255C2CC48F3654502DAB11343FABDC263C48A9D901FBA98FEF1E5A0EDA857E17">>}]}
].
